
Microsoft Visual Studio Solution File, Format Version 12.00
# Visual Studio Version 17
VisualStudioVersion = 17.8.34330.188
MinimumVisualStudioVersion = 10.0.40219.1
Project("{9A19103F-16F7-4668-BE54-9A1E7A4F7556}") = "Lab3", "Lab3.csproj", "{F1204EE7-D930-406D-B323-A2480F57763E}"
EndProject
Global
	GlobalSection(SolutionConfigurationPlatforms) = preSolution
		Debug|Any CPU = Debug|Any CPU
		Release|Any CPU = Release|Any CPU
	EndGlobalSection
	GlobalSection(ProjectConfigurationPlatforms) = postSolution
		{F1204EE7-D930-406D-B323-A2480F57763E}.Debug|Any CPU.ActiveCfg = Debug|Any CPU
		{F1204EE7-D930-406D-B323-A2480F57763E}.Debug|Any CPU.Build.0 = Debug|Any CPU
		{F1204EE7-D930-406D-B323-A2480F57763E}.Release|Any CPU.ActiveCfg = Release|Any CPU
		{F1204EE7-D930-406D-B323-A2480F57763E}.Release|Any CPU.Build.0 = Release|Any CPU
	EndGlobalSection
	GlobalSection(SolutionProperties) = preSolution
		HideSolutionNode = FALSE
	EndGlobalSection
	GlobalSection(ExtensibilityGlobals) = postSolution
		SolutionGuid = {8668FCA3-102C-43A8-B5FE-8498CFD7A35B}
	EndGlobalSection
EndGlobal
